// !$*UTF8*$!
{
	archiveVersion = 1;
	classes = {
	};
	objectVersion = 56;
	objects = {

/* Begin PBXBuildFile section */
		7FEC3F2F29D99F9A0039B69C /* AppDelegate.swift in Sources */ = {isa = PBXBuildFile; fileRef = 7FEC3F2E29D99F9A0039B69C /* AppDelegate.swift */; };
		7FEC3F3329D99F9A0039B69C /* LoginViewController.swift in Sources */ = {isa = PBXBuildFile; fileRef = 7FEC3F3229D99F9A0039B69C /* LoginViewController.swift */; };
		7FEC3F3629D99F9A0039B69C /* Main.storyboard in Resources */ = {isa = PBXBuildFile; fileRef = 7FEC3F3429D99F9A0039B69C /* Main.storyboard */; };
		7FEC3F3829D99F9A0039B69C /* Assets.xcassets in Resources */ = {isa = PBXBuildFile; fileRef = 7FEC3F3729D99F9A0039B69C /* Assets.xcassets */; };
		7FEC3F3B29D99F9A0039B69C /* LaunchScreen.storyboard in Resources */ = {isa = PBXBuildFile; fileRef = 7FEC3F3929D99F9A0039B69C /* LaunchScreen.storyboard */; };
		7FEC3F4A29D9A0C80039B69C /* User.swift in Sources */ = {isa = PBXBuildFile; fileRef = 7FEC3F4929D9A0C80039B69C /* User.swift */; };
		7FEC3F4D29D9A1050039B69C /* LoginViewModel.swift in Sources */ = {isa = PBXBuildFile; fileRef = 7FEC3F4C29D9A1050039B69C /* LoginViewModel.swift */; };
		7FEC3F4F29D9A1800039B69C /* Dynamic.swift in Sources */ = {isa = PBXBuildFile; fileRef = 7FEC3F4E29D9A1800039B69C /* Dynamic.swift */; };
		7FEC3F5329D9AEDF0039B69C /* Coordinator.swift in Sources */ = {isa = PBXBuildFile; fileRef = 7FEC3F5229D9AEDF0039B69C /* Coordinator.swift */; };
		7FEC3F5529D9AF460039B69C /* AppCoordinator.swift in Sources */ = {isa = PBXBuildFile; fileRef = 7FEC3F5429D9AF460039B69C /* AppCoordinator.swift */; };
		7FEC3F5829D9B04B0039B69C /* Storyboardable.swift in Sources */ = {isa = PBXBuildFile; fileRef = 7FEC3F5729D9B04B0039B69C /* Storyboardable.swift */; };
/* End PBXBuildFile section */

/* Begin PBXFileReference section */
		7FEC3F2B29D99F9A0039B69C /* MVVM+Coordinator_simple.app */ = {isa = PBXFileReference; explicitFileType = wrapper.application; includeInIndex = 0; path = "MVVM+Coordinator_simple.app"; sourceTree = BUILT_PRODUCTS_DIR; };
		7FEC3F2E29D99F9A0039B69C /* AppDelegate.swift */ = {isa = PBXFileReference; lastKnownFileType = sourcecode.swift; path = AppDelegate.swift; sourceTree = "<group>"; };
		7FEC3F3229D99F9A0039B69C /* LoginViewController.swift */ = {isa = PBXFileReference; lastKnownFileType = sourcecode.swift; path = LoginViewController.swift; sourceTree = "<group>"; };
		7FEC3F3529D99F9A0039B69C /* Base */ = {isa = PBXFileReference; lastKnownFileType = file.storyboard; name = Base; path = Base.lproj/Main.storyboard; sourceTree = "<group>"; };
		7FEC3F3729D99F9A0039B69C /* Assets.xcassets */ = {isa = PBXFileReference; lastKnownFileType = folder.assetcatalog; path = Assets.xcassets; sourceTree = "<group>"; };
		7FEC3F3A29D99F9A0039B69C /* Base */ = {isa = PBXFileReference; lastKnownFileType = file.storyboard; name = Base; path = Base.lproj/LaunchScreen.storyboard; sourceTree = "<group>"; };
		7FEC3F3C29D99F9A0039B69C /* Info.plist */ = {isa = PBXFileReference; lastKnownFileType = text.plist.xml; path = Info.plist; sourceTree = "<group>"; };
		7FEC3F4929D9A0C80039B69C /* User.swift */ = {isa = PBXFileReference; lastKnownFileType = sourcecode.swift; path = User.swift; sourceTree = "<group>"; };
		7FEC3F4C29D9A1050039B69C /* LoginViewModel.swift */ = {isa = PBXFileReference; lastKnownFileType = sourcecode.swift; path = LoginViewModel.swift; sourceTree = "<group>"; };
		7FEC3F4E29D9A1800039B69C /* Dynamic.swift */ = {isa = PBXFileReference; lastKnownFileType = sourcecode.swift; path = Dynamic.swift; sourceTree = "<group>"; };
		7FEC3F5229D9AEDF0039B69C /* Coordinator.swift */ = {isa = PBXFileReference; lastKnownFileType = sourcecode.swift; path = Coordinator.swift; sourceTree = "<group>"; };
		7FEC3F5429D9AF460039B69C /* AppCoordinator.swift */ = {isa = PBXFileReference; lastKnownFileType = sourcecode.swift; path = AppCoordinator.swift; sourceTree = "<group>"; };
		7FEC3F5729D9B04B0039B69C /* Storyboardable.swift */ = {isa = PBXFileReference; lastKnownFileType = sourcecode.swift; path = Storyboardable.swift; sourceTree = "<group>"; };
/* End PBXFileReference section */

/* Begin PBXFrameworksBuildPhase section */
		7FEC3F2829D99F9A0039B69C /* Frameworks */ = {
			isa = PBXFrameworksBuildPhase;
			buildActionMask = 2147483647;
			files = (
			);
			runOnlyForDeploymentPostprocessing = 0;
		};
/* End PBXFrameworksBuildPhase section */

/* Begin PBXGroup section */
		7FEC3F2229D99F9A0039B69C = {
			isa = PBXGroup;
			children = (
				7FEC3F2D29D99F9A0039B69C /* MVVM+Coordinator_simple */,
				7FEC3F2C29D99F9A0039B69C /* Products */,
			);
			sourceTree = "<group>";
		};
		7FEC3F2C29D99F9A0039B69C /* Products */ = {
			isa = PBXGroup;
			children = (
				7FEC3F2B29D99F9A0039B69C /* MVVM+Coordinator_simple.app */,
			);
			name = Products;
			sourceTree = "<group>";
		};
		7FEC3F2D29D99F9A0039B69C /* MVVM+Coordinator_simple */ = {
			isa = PBXGroup;
			children = (
				7FEC3F5029D9AEBD0039B69C /* Coordinators */,
				7FEC3F4429D9A0640039B69C /* Models */,
				7FEC3F4529D9A06C0039B69C /* Views */,
				7FEC3F4629D9A0740039B69C /* ViewModels */,
				7FEC3F4229D9A01F0039B69C /* Application */,
				7FEC3F4329D9A0530039B69C /* Resources */,
			);
			path = "MVVM+Coordinator_simple";
			sourceTree = "<group>";
		};
		7FEC3F4229D9A01F0039B69C /* Application */ = {
			isa = PBXGroup;
			children = (
				7FEC3F3C29D99F9A0039B69C /* Info.plist */,
				7FEC3F2E29D99F9A0039B69C /* AppDelegate.swift */,
			);
			path = Application;
			sourceTree = "<group>";
		};
		7FEC3F4329D9A0530039B69C /* Resources */ = {
			isa = PBXGroup;
			children = (
				7FEC3F3729D99F9A0039B69C /* Assets.xcassets */,
			);
			name = Resources;
			sourceTree = "<group>";
		};
		7FEC3F4429D9A0640039B69C /* Models */ = {
			isa = PBXGroup;
			children = (
				7FEC3F4929D9A0C80039B69C /* User.swift */,
			);
			path = Models;
			sourceTree = "<group>";
		};
		7FEC3F4529D9A06C0039B69C /* Views */ = {
			isa = PBXGroup;
			children = (
				7FEC3F5629D9B02F0039B69C /* Protocols */,
				7FEC3F3229D99F9A0039B69C /* LoginViewController.swift */,
				7FEC3F4729D9A0910039B69C /* Storyboards */,
			);
			path = Views;
			sourceTree = "<group>";
		};
		7FEC3F4629D9A0740039B69C /* ViewModels */ = {
			isa = PBXGroup;
			children = (
				7FEC3F4B29D9A0F00039B69C /* Bindings */,
				7FEC3F4C29D9A1050039B69C /* LoginViewModel.swift */,
			);
			path = ViewModels;
			sourceTree = "<group>";
		};
		7FEC3F4729D9A0910039B69C /* Storyboards */ = {
			isa = PBXGroup;
			children = (
				7FEC3F3429D99F9A0039B69C /* Main.storyboard */,
				7FEC3F3929D99F9A0039B69C /* LaunchScreen.storyboard */,
			);
			path = Storyboards;
			sourceTree = "<group>";
		};
		7FEC3F4B29D9A0F00039B69C /* Bindings */ = {
			isa = PBXGroup;
			children = (
				7FEC3F4E29D9A1800039B69C /* Dynamic.swift */,
			);
			path = Bindings;
			sourceTree = "<group>";
		};
		7FEC3F5029D9AEBD0039B69C /* Coordinators */ = {
			isa = PBXGroup;
			children = (
				7FEC3F5129D9AEC50039B69C /* Protocols */,
				7FEC3F5429D9AF460039B69C /* AppCoordinator.swift */,
			);
			path = Coordinators;
			sourceTree = "<group>";
		};
		7FEC3F5129D9AEC50039B69C /* Protocols */ = {
			isa = PBXGroup;
			children = (
				7FEC3F5229D9AEDF0039B69C /* Coordinator.swift */,
			);
			path = Protocols;
			sourceTree = "<group>";
		};
		7FEC3F5629D9B02F0039B69C /* Protocols */ = {
			isa = PBXGroup;
			children = (
				7FEC3F5729D9B04B0039B69C /* Storyboardable.swift */,
			);
			path = Protocols;
			sourceTree = "<group>";
		};
/* End PBXGroup section */

/* Begin PBXNativeTarget section */
		7FEC3F2A29D99F9A0039B69C /* MVVM+Coordinator_simple */ = {
			isa = PBXNativeTarget;
			buildConfigurationList = 7FEC3F3F29D99F9A0039B69C /* Build configuration list for PBXNativeTarget "MVVM+Coordinator_simple" */;
			buildPhases = (
				7FEC3F2729D99F9A0039B69C /* Sources */,
				7FEC3F2829D99F9A0039B69C /* Frameworks */,
				7FEC3F2929D99F9A0039B69C /* Resources */,
			);
			buildRules = (
			);
			dependencies = (
			);
			name = "MVVM+Coordinator_simple";
			productName = "MVVM+Coordinator_simple";
			productReference = 7FEC3F2B29D99F9A0039B69C /* MVVM+Coordinator_simple.app */;
			productType = "com.apple.product-type.application";
		};
/* End PBXNativeTarget section */

/* Begin PBXProject section */
		7FEC3F2329D99F9A0039B69C /* Project object */ = {
			isa = PBXProject;
			attributes = {
				BuildIndependentTargetsInParallel = 1;
				LastSwiftUpdateCheck = 1430;
				LastUpgradeCheck = 1430;
				TargetAttributes = {
					7FEC3F2A29D99F9A0039B69C = {
						CreatedOnToolsVersion = 14.3;
					};
				};
			};
			buildConfigurationList = 7FEC3F2629D99F9A0039B69C /* Build configuration list for PBXProject "MVVM+Coordinator_simple" */;
			compatibilityVersion = "Xcode 14.0";
			developmentRegion = en;
			hasScannedForEncodings = 0;
			knownRegions = (
				en,
				Base,
			);
			mainGroup = 7FEC3F2229D99F9A0039B69C;
			productRefGroup = 7FEC3F2C29D99F9A0039B69C /* Products */;
			projectDirPath = "";
			projectRoot = "";
			targets = (
				7FEC3F2A29D99F9A0039B69C /* MVVM+Coordinator_simple */,
			);
		};
/* End PBXProject section */

/* Begin PBXResourcesBuildPhase section */
		7FEC3F2929D99F9A0039B69C /* Resources */ = {
			isa = PBXResourcesBuildPhase;
			buildActionMask = 2147483647;
			files = (
				7FEC3F3B29D99F9A0039B69C /* LaunchScreen.storyboard in Resources */,
				7FEC3F3829D99F9A0039B69C /* Assets.xcassets in Resources */,
				7FEC3F3629D99F9A0039B69C /* Main.storyboard in Resources */,
			);
			runOnlyForDeploymentPostprocessing = 0;
		};
/* End PBXResourcesBuildPhase section */

/* Begin PBXSourcesBuildPhase section */
		7FEC3F2729D99F9A0039B69C /* Sources */ = {
			isa = PBXSourcesBuildPhase;
			buildActionMask = 2147483647;
			files = (
				7FEC3F4D29D9A1050039B69C /* LoginViewModel.swift in Sources */,
				7FEC3F4A29D9A0C80039B69C /* User.swift in Sources */,
				7FEC3F5329D9AEDF0039B69C /* Coordinator.swift in Sources */,
				7FEC3F3329D99F9A0039B69C /* LoginViewController.swift in Sources */,
				7FEC3F5829D9B04B0039B69C /* Storyboardable.swift in Sources */,
				7FEC3F4F29D9A1800039B69C /* Dynamic.swift in Sources */,
				7FEC3F2F29D99F9A0039B69C /* AppDelegate.swift in Sources */,
				7FEC3F5529D9AF460039B69C /* AppCoordinator.swift in Sources */,
			);
			runOnlyForDeploymentPostprocessing = 0;
		};
/* End PBXSourcesBuildPhase section */

/* Begin PBXVariantGroup section */
		7FEC3F3429D99F9A0039B69C /* Main.storyboard */ = {
			isa = PBXVariantGroup;
			children = (
				7FEC3F3529D99F9A0039B69C /* Base */,
			);
			name = Main.storyboard;
			sourceTree = "<group>";
		};
		7FEC3F3929D99F9A0039B69C /* LaunchScreen.storyboard */ = {
			isa = PBXVariantGroup;
			children = (
				7FEC3F3A29D99F9A0039B69C /* Base */,
			);
			name = LaunchScreen.storyboard;
			sourceTree = "<group>";
		};
/* End PBXVariantGroup section */

/* Begin XCBuildConfiguration section */
		7FEC3F3D29D99F9A0039B69C /* Debug */ = {
			isa = XCBuildConfiguration;
			buildSettings = {
				ALWAYS_SEARCH_USER_PATHS = NO;
				CLANG_ANALYZER_NONNULL = YES;
				CLANG_ANALYZER_NUMBER_OBJECT_CONVERSION = YES_AGGRESSIVE;
				CLANG_CXX_LANGUAGE_STANDARD = "gnu++20";
				CLANG_ENABLE_MODULES = YES;
				CLANG_ENABLE_OBJC_ARC = YES;
				CLANG_ENABLE_OBJC_WEAK = YES;
				CLANG_WARN_BLOCK_CAPTURE_AUTORELEASING = YES;
				CLANG_WARN_BOOL_CONVERSION = YES;
				CLANG_WARN_COMMA = YES;
				CLANG_WARN_CONSTANT_CONVERSION = YES;
				CLANG_WARN_DEPRECATED_OBJC_IMPLEMENTATIONS = YES;
				CLANG_WARN_DIRECT_OBJC_ISA_USAGE = YES_ERROR;
				CLANG_WARN_DOCUMENTATION_COMMENTS = YES;
				CLANG_WARN_EMPTY_BODY = YES;
				CLANG_WARN_ENUM_CONVERSION = YES;
				CLANG_WARN_INFINITE_RECURSION = YES;
				CLANG_WARN_INT_CONVERSION = YES;
				CLANG_WARN_NON_LITERAL_NULL_CONVERSION = YES;
				CLANG_WARN_OBJC_IMPLICIT_RETAIN_SELF = YES;
				CLANG_WARN_OBJC_LITERAL_CONVERSION = YES;
				CLANG_WARN_OBJC_ROOT_CLASS = YES_ERROR;
				CLANG_WARN_QUOTED_INCLUDE_IN_FRAMEWORK_HEADER = YES;
				CLANG_WARN_RANGE_LOOP_ANALYSIS = YES;
				CLANG_WARN_STRICT_PROTOTYPES = YES;
				CLANG_WARN_SUSPICIOUS_MOVE = YES;
				CLANG_WARN_UNGUARDED_AVAILABILITY = YES_AGGRESSIVE;
				CLANG_WARN_UNREACHABLE_CODE = YES;
				CLANG_WARN__DUPLICATE_METHOD_MATCH = YES;
				COPY_PHASE_STRIP = NO;
				DEBUG_INFORMATION_FORMAT = dwarf;
				ENABLE_STRICT_OBJC_MSGSEND = YES;
				ENABLE_TESTABILITY = YES;
				GCC_C_LANGUAGE_STANDARD = gnu11;
				GCC_DYNAMIC_NO_PIC = NO;
				GCC_NO_COMMON_BLOCKS = YES;
				GCC_OPTIMIZATION_LEVEL = 0;
				GCC_PREPROCESSOR_DEFINITIONS = (
					"DEBUG=1",
					"$(inherited)",
				);
				GCC_WARN_64_TO_32_BIT_CONVERSION = YES;
				GCC_WARN_ABOUT_RETURN_TYPE = YES_ERROR;
				GCC_WARN_UNDECLARED_SELECTOR = YES;
				GCC_WARN_UNINITIALIZED_AUTOS = YES_AGGRESSIVE;
				GCC_WARN_UNUSED_FUNCTION = YES;
				GCC_WARN_UNUSED_VARIABLE = YES;
				IPHONEOS_DEPLOYMENT_TARGET = 16.4;
				MTL_ENABLE_DEBUG_INFO = INCLUDE_SOURCE;
				MTL_FAST_MATH = YES;
				ONLY_ACTIVE_ARCH = YES;
				SDKROOT = iphoneos;
				SWIFT_ACTIVE_COMPILATION_CONDITIONS = DEBUG;
				SWIFT_OPTIMIZATION_LEVEL = "-Onone";
			};
			name = Debug;
		};
		7FEC3F3E29D99F9A0039B69C /* Release */ = {
			isa = XCBuildConfiguration;
			buildSettings = {
				ALWAYS_SEARCH_USER_PATHS = NO;
				CLANG_ANALYZER_NONNULL = YES;
				CLANG_ANALYZER_NUMBER_OBJECT_CONVERSION = YES_AGGRESSIVE;
				CLANG_CXX_LANGUAGE_STANDARD = "gnu++20";
				CLANG_ENABLE_MODULES = YES;
				CLANG_ENABLE_OBJC_ARC = YES;
				CLANG_ENABLE_OBJC_WEAK = YES;
				CLANG_WARN_BLOCK_CAPTURE_AUTORELEASING = YES;
				CLANG_WARN_BOOL_CONVERSION = YES;
				CLANG_WARN_COMMA = YES;
				CLANG_WARN_CONSTANT_CONVERSION = YES;
				CLANG_WARN_DEPRECATED_OBJC_IMPLEMENTATIONS = YES;
				CLANG_WARN_DIRECT_OBJC_ISA_USAGE = YES_ERROR;
				CLANG_WARN_DOCUMENTATION_COMMENTS = YES;
				CLANG_WARN_EMPTY_BODY = YES;
				CLANG_WARN_ENUM_CONVERSION = YES;
				CLANG_WARN_INFINITE_RECURSION = YES;
				CLANG_WARN_INT_CONVERSION = YES;
				CLANG_WARN_NON_LITERAL_NULL_CONVERSION = YES;
				CLANG_WARN_OBJC_IMPLICIT_RETAIN_SELF = YES;
				CLANG_WARN_OBJC_LITERAL_CONVERSION = YES;
				CLANG_WARN_OBJC_ROOT_CLASS = YES_ERROR;
				CLANG_WARN_QUOTED_INCLUDE_IN_FRAMEWORK_HEADER = YES;
				CLANG_WARN_RANGE_LOOP_ANALYSIS = YES;
				CLANG_WARN_STRICT_PROTOTYPES = YES;
				CLANG_WARN_SUSPICIOUS_MOVE = YES;
				CLANG_WARN_UNGUARDED_AVAILABILITY = YES_AGGRESSIVE;
				CLANG_WARN_UNREACHABLE_CODE = YES;
				CLANG_WARN__DUPLICATE_METHOD_MATCH = YES;
				COPY_PHASE_STRIP = NO;
				DEBUG_INFORMATION_FORMAT = "dwarf-with-dsym";
				ENABLE_NS_ASSERTIONS = NO;
				ENABLE_STRICT_OBJC_MSGSEND = YES;
				GCC_C_LANGUAGE_STANDARD = gnu11;
				GCC_NO_COMMON_BLOCKS = YES;
				GCC_WARN_64_TO_32_BIT_CONVERSION = YES;
				GCC_WARN_ABOUT_RETURN_TYPE = YES_ERROR;
				GCC_WARN_UNDECLARED_SELECTOR = YES;
				GCC_WARN_UNINITIALIZED_AUTOS = YES_AGGRESSIVE;
				GCC_WARN_UNUSED_FUNCTION = YES;
				GCC_WARN_UNUSED_VARIABLE = YES;
				IPHONEOS_DEPLOYMENT_TARGET = 16.4;
				MTL_ENABLE_DEBUG_INFO = NO;
				MTL_FAST_MATH = YES;
				SDKROOT = iphoneos;
				SWIFT_COMPILATION_MODE = wholemodule;
				SWIFT_OPTIMIZATION_LEVEL = "-O";
				VALIDATE_PRODUCT = YES;
			};
			name = Release;
		};
		7FEC3F4029D99F9A0039B69C /* Debug */ = {
			isa = XCBuildConfiguration;
			buildSettings = {
				ASSETCATALOG_COMPILER_APPICON_NAME = AppIcon;
				ASSETCATALOG_COMPILER_GLOBAL_ACCENT_COLOR_NAME = AccentColor;
				CODE_SIGN_STYLE = Automatic;
				CURRENT_PROJECT_VERSION = 1;
				DEVELOPMENT_TEAM = CSS48FCS24;
				GENERATE_INFOPLIST_FILE = YES;
				INFOPLIST_FILE = "MVVM+Coordinator_simple/Application/Info.plist";
				INFOPLIST_KEY_UIApplicationSupportsIndirectInputEvents = YES;
				INFOPLIST_KEY_UILaunchStoryboardName = LaunchScreen;
				INFOPLIST_KEY_UIMainStoryboardFile = Main;
				INFOPLIST_KEY_UIStatusBarStyle = "";
				INFOPLIST_KEY_UISupportedInterfaceOrientations_iPad = "UIInterfaceOrientationPortrait UIInterfaceOrientationPortraitUpsideDown UIInterfaceOrientationLandscapeLeft UIInterfaceOrientationLandscapeRight";
				INFOPLIST_KEY_UISupportedInterfaceOrientations_iPhone = "UIInterfaceOrientationPortrait UIInterfaceOrientationLandscapeLeft UIInterfaceOrientationLandscapeRight";
				LD_RUNPATH_SEARCH_PATHS = (
					"$(inherited)",
					"@executable_path/Frameworks",
				);
				MARKETING_VERSION = 1.0;
				PRODUCT_BUNDLE_IDENTIFIER = "git.MVVM-Coordinator-simple";
				PRODUCT_NAME = "$(TARGET_NAME)";
				SWIFT_EMIT_LOC_STRINGS = YES;
				SWIFT_VERSION = 5.0;
				TARGETED_DEVICE_FAMILY = "1,2";
			};
			name = Debug;
		};
		7FEC3F4129D99F9A0039B69C /* Release */ = {
			isa = XCBuildConfiguration;
			buildSettings = {
				ASSETCATALOG_COMPILER_APPICON_NAME = AppIcon;
				ASSETCATALOG_COMPILER_GLOBAL_ACCENT_COLOR_NAME = AccentColor;
				CODE_SIGN_STYLE = Automatic;
				CURRENT_PROJECT_VERSION = 1;
				DEVELOPMENT_TEAM = CSS48FCS24;
				GENERATE_INFOPLIST_FILE = YES;
				INFOPLIST_FILE = "MVVM+Coordinator_simple/Application/Info.plist";
				INFOPLIST_KEY_UIApplicationSupportsIndirectInputEvents = YES;
				INFOPLIST_KEY_UILaunchStoryboardName = LaunchScreen;
				INFOPLIST_KEY_UIMainStoryboardFile = Main;
				INFOPLIST_KEY_UIStatusBarStyle = "";
				INFOPLIST_KEY_UISupportedInterfaceOrientations_iPad = "UIInterfaceOrientationPortrait UIInterfaceOrientationPortraitUpsideDown UIInterfaceOrientationLandscapeLeft UIInterfaceOrientationLandscapeRight";
				INFOPLIST_KEY_UISupportedInterfaceOrientations_iPhone = "UIInterfaceOrientationPortrait UIInterfaceOrientationLandscapeLeft UIInterfaceOrientationLandscapeRight";
				LD_RUNPATH_SEARCH_PATHS = (
					"$(inherited)",
					"@executable_path/Frameworks",
				);
				MARKETING_VERSION = 1.0;
				PRODUCT_BUNDLE_IDENTIFIER = "git.MVVM-Coordinator-simple";
				PRODUCT_NAME = "$(TARGET_NAME)";
				SWIFT_EMIT_LOC_STRINGS = YES;
				SWIFT_VERSION = 5.0;
				TARGETED_DEVICE_FAMILY = "1,2";
			};
			name = Release;
		};
/* End XCBuildConfiguration section */

/* Begin XCConfigurationList section */
		7FEC3F2629D99F9A0039B69C /* Build configuration list for PBXProject "MVVM+Coordinator_simple" */ = {
			isa = XCConfigurationList;
			buildConfigurations = (
				7FEC3F3D29D99F9A0039B69C /* Debug */,
				7FEC3F3E29D99F9A0039B69C /* Release */,
			);
			defaultConfigurationIsVisible = 0;
			defaultConfigurationName = Release;
		};
		7FEC3F3F29D99F9A0039B69C /* Build configuration list for PBXNativeTarget "MVVM+Coordinator_simple" */ = {
			isa = XCConfigurationList;
			buildConfigurations = (
				7FEC3F4029D99F9A0039B69C /* Debug */,
				7FEC3F4129D99F9A0039B69C /* Release */,
			);
			defaultConfigurationIsVisible = 0;
			defaultConfigurationName = Release;
		};
/* End XCConfigurationList section */
	};
	rootObject = 7FEC3F2329D99F9A0039B69C /* Project object */;
}
